{
  "name": "demo-app",
  "version": "1.0.0",
  "lockfileVersion": 2,
  "requires": true,
  "packages": {
    "": {
      "name": "demo-app",
      "version": "1.0.0"
    },
    "node_modules/ansi-regex": {
      "version": "5.0.0"
    },
    "node_modules/json5": {
      "version": "1.0.1"
    },
    "node_modules/semver": {
      "version": "5.7.1"
    }
  }
}
